
Microsoft Visual Studio Solution File, Format Version 12.00
# Visual Studio Version 17
VisualStudioVersion = 17.6.33712.159
MinimumVisualStudioVersion = 10.0.40219.1
Project("{2150E333-8FDC-42A3-9474-1A3956D46DE8}") = "API", "API", "{E733B415-3CA7-4895-B1D2-0A8AF87810B9}"
EndProject
Project("{9A19103F-16F7-4668-BE54-9A1E7A4F7556}") = "AuthAPI", "AuthAPI\AuthAPI.csproj", "{13F6AC8F-61A7-422E-A45B-737BF1971981}"
EndProject
Project("{9A19103F-16F7-4668-BE54-9A1E7A4F7556}") = "InventoryAPI", "InventoryAPI\InventoryAPI.csproj", "{281E822A-AC85-4B4F-87C9-688E6A14B827}"
EndProject
Project("{9A19103F-16F7-4668-BE54-9A1E7A4F7556}") = "Shared", "Shared\Shared.csproj", "{E96012FD-92C6-40EE-99ED-CF7037875D45}"
EndProject
Project("{2150E333-8FDC-42A3-9474-1A3956D46DE8}") = "Commom", "Commom", "{B5FA98E7-A162-44CC-9C73-848154C949FD}"
EndProject
Project("{9A19103F-16F7-4668-BE54-9A1E7A4F7556}") = "InventoryManagement.Domain", "InventoryManagement.Domin\InventoryManagement.Domain.csproj", "{B8F9E534-1102-47B5-B785-5E18D9A3833B}"
EndProject
Project("{9A19103F-16F7-4668-BE54-9A1E7A4F7556}") = "InventoryManagement.DataAccess", "InventoryManagement.DataAccess\InventoryManagement.DataAccess.csproj", "{DE2F364C-BD90-4D5B-BBBB-D73BCE4AA1A4}"
EndProject
Project("{2150E333-8FDC-42A3-9474-1A3956D46DE8}") = "UI", "UI", "{F8DA9C49-7810-4DCA-A00B-789996DC4A16}"
EndProject
Global
	GlobalSection(SolutionConfigurationPlatforms) = preSolution
		Debug|Any CPU = Debug|Any CPU
		Release|Any CPU = Release|Any CPU
	EndGlobalSection
	GlobalSection(ProjectConfigurationPlatforms) = postSolution
		{13F6AC8F-61A7-422E-A45B-737BF1971981}.Debug|Any CPU.ActiveCfg = Debug|Any CPU
		{13F6AC8F-61A7-422E-A45B-737BF1971981}.Debug|Any CPU.Build.0 = Debug|Any CPU
		{13F6AC8F-61A7-422E-A45B-737BF1971981}.Release|Any CPU.ActiveCfg = Release|Any CPU
		{13F6AC8F-61A7-422E-A45B-737BF1971981}.Release|Any CPU.Build.0 = Release|Any CPU
		{281E822A-AC85-4B4F-87C9-688E6A14B827}.Debug|Any CPU.ActiveCfg = Debug|Any CPU
		{281E822A-AC85-4B4F-87C9-688E6A14B827}.Debug|Any CPU.Build.0 = Debug|Any CPU
		{281E822A-AC85-4B4F-87C9-688E6A14B827}.Release|Any CPU.ActiveCfg = Release|Any CPU
		{281E822A-AC85-4B4F-87C9-688E6A14B827}.Release|Any CPU.Build.0 = Release|Any CPU
		{E96012FD-92C6-40EE-99ED-CF7037875D45}.Debug|Any CPU.ActiveCfg = Debug|Any CPU
		{E96012FD-92C6-40EE-99ED-CF7037875D45}.Debug|Any CPU.Build.0 = Debug|Any CPU
		{E96012FD-92C6-40EE-99ED-CF7037875D45}.Release|Any CPU.ActiveCfg = Release|Any CPU
		{E96012FD-92C6-40EE-99ED-CF7037875D45}.Release|Any CPU.Build.0 = Release|Any CPU
		{B8F9E534-1102-47B5-B785-5E18D9A3833B}.Debug|Any CPU.ActiveCfg = Debug|Any CPU
		{B8F9E534-1102-47B5-B785-5E18D9A3833B}.Debug|Any CPU.Build.0 = Debug|Any CPU
		{B8F9E534-1102-47B5-B785-5E18D9A3833B}.Release|Any CPU.ActiveCfg = Release|Any CPU
		{B8F9E534-1102-47B5-B785-5E18D9A3833B}.Release|Any CPU.Build.0 = Release|Any CPU
		{DE2F364C-BD90-4D5B-BBBB-D73BCE4AA1A4}.Debug|Any CPU.ActiveCfg = Debug|Any CPU
		{DE2F364C-BD90-4D5B-BBBB-D73BCE4AA1A4}.Debug|Any CPU.Build.0 = Debug|Any CPU
		{DE2F364C-BD90-4D5B-BBBB-D73BCE4AA1A4}.Release|Any CPU.ActiveCfg = Release|Any CPU
		{DE2F364C-BD90-4D5B-BBBB-D73BCE4AA1A4}.Release|Any CPU.Build.0 = Release|Any CPU
	EndGlobalSection
	GlobalSection(SolutionProperties) = preSolution
		HideSolutionNode = FALSE
	EndGlobalSection
	GlobalSection(NestedProjects) = preSolution
		{13F6AC8F-61A7-422E-A45B-737BF1971981} = {E733B415-3CA7-4895-B1D2-0A8AF87810B9}
		{281E822A-AC85-4B4F-87C9-688E6A14B827} = {E733B415-3CA7-4895-B1D2-0A8AF87810B9}
		{E96012FD-92C6-40EE-99ED-CF7037875D45} = {B5FA98E7-A162-44CC-9C73-848154C949FD}
	EndGlobalSection
	GlobalSection(ExtensibilityGlobals) = postSolution
		SolutionGuid = {DFF6EFC7-3D53-4B97-9400-D447B766C760}
	EndGlobalSection
EndGlobal
